{
  "name": "molt-pulse",
  "version": "1.0.0",
  "lockfileVersion": 3,
  "requires": true,
  "packages": {
    "": {
      "name": "molt-pulse",
      "version": "1.0.0",
      "license": "ISC",
      "dependencies": {
        "chalk": "^5.6.2",
        "os-utils": "^0.0.14",
        "systeminformation": "^5.30.7"
      }
    },
    "node_modules/chalk": {
      "version": "5.6.2",
      "resolved": "https://registry.npmjs.org/chalk/-/chalk-5.6.2.tgz",
      "integrity": "sha512-7NzBL0rN6fMUW+f7A6Io4h40qQlG+xGmtMxfbnH/K7TAtt8JQWVQK+6g0UXKMeVJoyV5EkkNsErQ8pVD3bLHbA==",
      "license": "MIT",
      "engines": {
        "node": "^12.17.0 || ^14.13 || >=16.0.0"
      },
      "funding": {
        "url": "https://github.com/chalk/chalk?sponsor=1"
      }
    },
    "node_modules/os-utils": {
      "version": "0.0.14",
      "resolved": "https://registry.npmjs.org/os-utils/-/os-utils-0.0.14.tgz",
      "integrity": "sha512-ajB8csaHLBvJOYsHJkp8YdO2FvlBbf/ZxaYQwXXRDyQ84UoE+uTuLXxqd0shekXMX6Qr/pt/DDyLMRAMsgfWzg==",
      "license": "MIT",
      "engines": {
        "node": "*"
      }
    },
    "node_modules/systeminformation": {
      "version": "5.30.7",
      "resolved": "https://registry.npmjs.org/systeminformation/-/systeminformation-5.30.7.tgz",
      "integrity": "sha512-33B/cftpaWdpvH+Ho9U1b08ss8GQuLxrWHelbJT1yw4M48Taj8W3ezcPuaLoIHZz5V6tVHuQPr5BprEfnBLBMw==",
      "license": "MIT",
      "os": [
        "darwin",
        "linux",
        "win32",
        "freebsd",
        "openbsd",
        "netbsd",
        "sunos",
        "android"
      ],
      "bin": {
        "systeminformation": "lib/cli.js"
      },
      "engines": {
        "node": ">=8.0.0"
      },
      "funding": {
        "type": "Buy me a coffee",
        "url": "https://www.buymeacoffee.com/systeminfo"
      }
    }
  }
}
